// !$*UTF8*$!
{
	archiveVersion = 1;
	classes = {
	};
	objectVersion = 46;
	objects = {

/* Begin PBXBuildFile section */
		D65547331DCD6BFC004882FA /* AppDelegate.swift in Sources */ = {isa = PBXBuildFile; fileRef = D65547321DCD6BFC004882FA /* AppDelegate.swift */; };
		D65547351DCD6BFC004882FA /* ViewController.swift in Sources */ = {isa = PBXBuildFile; fileRef = D65547341DCD6BFC004882FA /* ViewController.swift */; };
		D65547381DCD6BFC004882FA /* Main.storyboard in Resources */ = {isa = PBXBuildFile; fileRef = D65547361DCD6BFC004882FA /* Main.storyboard */; };
		D655473B1DCD6BFC004882FA /* Stress_Less.xcdatamodeld in Sources */ = {isa = PBXBuildFile; fileRef = D65547391DCD6BFC004882FA /* Stress_Less.xcdatamodeld */; };
		D655473D1DCD6BFC004882FA /* Assets.xcassets in Resources */ = {isa = PBXBuildFile; fileRef = D655473C1DCD6BFC004882FA /* Assets.xcassets */; };
		D65547401DCD6BFC004882FA /* LaunchScreen.storyboard in Resources */ = {isa = PBXBuildFile; fileRef = D655473E1DCD6BFC004882FA /* LaunchScreen.storyboard */; };
		D65547481DCD6D53004882FA /* logo.png in Resources */ = {isa = PBXBuildFile; fileRef = D65547471DCD6D53004882FA /* logo.png */; };
		D655474A1DCD71D7004882FA /* WebWorker.swift in Sources */ = {isa = PBXBuildFile; fileRef = D65547491DCD71D7004882FA /* WebWorker.swift */; };
		D65547501DCD7538004882FA /* LoginViewController.swift in Sources */ = {isa = PBXBuildFile; fileRef = D655474F1DCD7538004882FA /* LoginViewController.swift */; };
		D65547521DCD7F26004882FA /* RegisterViewController.swift in Sources */ = {isa = PBXBuildFile; fileRef = D65547511DCD7F26004882FA /* RegisterViewController.swift */; };
/* End PBXBuildFile section */

/* Begin PBXFileReference section */
		D655472F1DCD6BFC004882FA /* Stress Less.app */ = {isa = PBXFileReference; explicitFileType = wrapper.application; includeInIndex = 0; path = "Stress Less.app"; sourceTree = BUILT_PRODUCTS_DIR; };
		D65547321DCD6BFC004882FA /* AppDelegate.swift */ = {isa = PBXFileReference; lastKnownFileType = sourcecode.swift; path = AppDelegate.swift; sourceTree = "<group>"; };
		D65547341DCD6BFC004882FA /* ViewController.swift */ = {isa = PBXFileReference; lastKnownFileType = sourcecode.swift; path = ViewController.swift; sourceTree = "<group>"; };
		D65547371DCD6BFC004882FA /* Base */ = {isa = PBXFileReference; lastKnownFileType = file.storyboard; name = Base; path = Base.lproj/Main.storyboard; sourceTree = "<group>"; };
		D655473A1DCD6BFC004882FA /* Stress_Less.xcdatamodel */ = {isa = PBXFileReference; lastKnownFileType = wrapper.xcdatamodel; path = Stress_Less.xcdatamodel; sourceTree = "<group>"; };
		D655473C1DCD6BFC004882FA /* Assets.xcassets */ = {isa = PBXFileReference; lastKnownFileType = folder.assetcatalog; path = Assets.xcassets; sourceTree = "<group>"; };
		D655473F1DCD6BFC004882FA /* Base */ = {isa = PBXFileReference; lastKnownFileType = file.storyboard; name = Base; path = Base.lproj/LaunchScreen.storyboard; sourceTree = "<group>"; };
		D65547411DCD6BFC004882FA /* Info.plist */ = {isa = PBXFileReference; lastKnownFileType = text.plist.xml; path = Info.plist; sourceTree = "<group>"; };
		D65547471DCD6D53004882FA /* logo.png */ = {isa = PBXFileReference; lastKnownFileType = image.png; path = logo.png; sourceTree = "<group>"; };
		D65547491DCD71D7004882FA /* WebWorker.swift */ = {isa = PBXFileReference; fileEncoding = 4; lastKnownFileType = sourcecode.swift; path = WebWorker.swift; sourceTree = "<group>"; };
		D655474F1DCD7538004882FA /* LoginViewController.swift */ = {isa = PBXFileReference; fileEncoding = 4; lastKnownFileType = sourcecode.swift; path = LoginViewController.swift; sourceTree = "<group>"; };
		D65547511DCD7F26004882FA /* RegisterViewController.swift */ = {isa = PBXFileReference; fileEncoding = 4; lastKnownFileType = sourcecode.swift; path = RegisterViewController.swift; sourceTree = "<group>"; };
/* End PBXFileReference section */

/* Begin PBXFrameworksBuildPhase section */
		D655472C1DCD6BFC004882FA /* Frameworks */ = {
			isa = PBXFrameworksBuildPhase;
			buildActionMask = 2147483647;
			files = (
			);
			runOnlyForDeploymentPostprocessing = 0;
		};
/* End PBXFrameworksBuildPhase section */

/* Begin PBXGroup section */
		D65547261DCD6BFC004882FA = {
			isa = PBXGroup;
			children = (
				D65547311DCD6BFC004882FA /* Stress Less */,
				D65547301DCD6BFC004882FA /* Products */,
			);
			sourceTree = "<group>";
		};
		D65547301DCD6BFC004882FA /* Products */ = {
			isa = PBXGroup;
			children = (
				D655472F1DCD6BFC004882FA /* Stress Less.app */,
			);
			name = Products;
			sourceTree = "<group>";
		};
		D65547311DCD6BFC004882FA /* Stress Less */ = {
			isa = PBXGroup;
			children = (
				D655474E1DCD7200004882FA /* StoryBoards */,
				D655474D1DCD71F3004882FA /* View Controllers */,
				D655474C1DCD71E9004882FA /* Images */,
				D655474B1DCD71DB004882FA /* Workers */,
				D65547321DCD6BFC004882FA /* AppDelegate.swift */,
				D65547341DCD6BFC004882FA /* ViewController.swift */,
				D655473C1DCD6BFC004882FA /* Assets.xcassets */,
				D65547411DCD6BFC004882FA /* Info.plist */,
				D65547391DCD6BFC004882FA /* Stress_Less.xcdatamodeld */,
			);
			path = "Stress Less";
			sourceTree = "<group>";
		};
		D655474B1DCD71DB004882FA /* Workers */ = {
			isa = PBXGroup;
			children = (
				D65547491DCD71D7004882FA /* WebWorker.swift */,
			);
			name = Workers;
			sourceTree = "<group>";
		};
		D655474C1DCD71E9004882FA /* Images */ = {
			isa = PBXGroup;
			children = (
				D65547471DCD6D53004882FA /* logo.png */,
			);
			name = Images;
			sourceTree = "<group>";
		};
		D655474D1DCD71F3004882FA /* View Controllers */ = {
			isa = PBXGroup;
			children = (
				D655474F1DCD7538004882FA /* LoginViewController.swift */,
				D65547511DCD7F26004882FA /* RegisterViewController.swift */,
			);
			name = "View Controllers";
			sourceTree = "<group>";
		};
		D655474E1DCD7200004882FA /* StoryBoards */ = {
			isa = PBXGroup;
			children = (
				D655473E1DCD6BFC004882FA /* LaunchScreen.storyboard */,
				D65547361DCD6BFC004882FA /* Main.storyboard */,
			);
			name = StoryBoards;
			sourceTree = "<group>";
		};
/* End PBXGroup section */

/* Begin PBXNativeTarget section */
		D655472E1DCD6BFC004882FA /* Stress Less */ = {
			isa = PBXNativeTarget;
			buildConfigurationList = D65547441DCD6BFC004882FA /* Build configuration list for PBXNativeTarget "Stress Less" */;
			buildPhases = (
				D655472B1DCD6BFC004882FA /* Sources */,
				D655472C1DCD6BFC004882FA /* Frameworks */,
				D655472D1DCD6BFC004882FA /* Resources */,
			);
			buildRules = (
			);
			dependencies = (
			);
			name = "Stress Less";
			productName = "Stress Less";
			productReference = D655472F1DCD6BFC004882FA /* Stress Less.app */;
			productType = "com.apple.product-type.application";
		};
/* End PBXNativeTarget section */

/* Begin PBXProject section */
		D65547271DCD6BFC004882FA /* Project object */ = {
			isa = PBXProject;
			attributes = {
				LastSwiftUpdateCheck = 0730;
				LastUpgradeCheck = 0730;
				ORGANIZATIONNAME = "Reiker R Seiffe";
				TargetAttributes = {
					D655472E1DCD6BFC004882FA = {
						CreatedOnToolsVersion = 7.3;
					};
				};
			};
			buildConfigurationList = D655472A1DCD6BFC004882FA /* Build configuration list for PBXProject "Stress Less" */;
			compatibilityVersion = "Xcode 3.2";
			developmentRegion = English;
			hasScannedForEncodings = 0;
			knownRegions = (
				en,
				Base,
			);
			mainGroup = D65547261DCD6BFC004882FA;
			productRefGroup = D65547301DCD6BFC004882FA /* Products */;
			projectDirPath = "";
			projectRoot = "";
			targets = (
				D655472E1DCD6BFC004882FA /* Stress Less */,
			);
		};
/* End PBXProject section */

/* Begin PBXResourcesBuildPhase section */
		D655472D1DCD6BFC004882FA /* Resources */ = {
			isa = PBXResourcesBuildPhase;
			buildActionMask = 2147483647;
			files = (
				D65547481DCD6D53004882FA /* logo.png in Resources */,
				D65547401DCD6BFC004882FA /* LaunchScreen.storyboard in Resources */,
				D655473D1DCD6BFC004882FA /* Assets.xcassets in Resources */,
				D65547381DCD6BFC004882FA /* Main.storyboard in Resources */,
			);
			runOnlyForDeploymentPostprocessing = 0;
		};
/* End PBXResourcesBuildPhase section */

/* Begin PBXSourcesBuildPhase section */
		D655472B1DCD6BFC004882FA /* Sources */ = {
			isa = PBXSourcesBuildPhase;
			buildActionMask = 2147483647;
			files = (
				D655473B1DCD6BFC004882FA /* Stress_Less.xcdatamodeld in Sources */,
				D65547351DCD6BFC004882FA /* ViewController.swift in Sources */,
				D655474A1DCD71D7004882FA /* WebWorker.swift in Sources */,
				D65547521DCD7F26004882FA /* RegisterViewController.swift in Sources */,
				D65547501DCD7538004882FA /* LoginViewController.swift in Sources */,
				D65547331DCD6BFC004882FA /* AppDelegate.swift in Sources */,
			);
			runOnlyForDeploymentPostprocessing = 0;
		};
/* End PBXSourcesBuildPhase section */

/* Begin PBXVariantGroup section */
		D65547361DCD6BFC004882FA /* Main.storyboard */ = {
			isa = PBXVariantGroup;
			children = (
				D65547371DCD6BFC004882FA /* Base */,
			);
			name = Main.storyboard;
			sourceTree = "<group>";
		};
		D655473E1DCD6BFC004882FA /* LaunchScreen.storyboard */ = {
			isa = PBXVariantGroup;
			children = (
				D655473F1DCD6BFC004882FA /* Base */,
			);
			name = LaunchScreen.storyboard;
			sourceTree = "<group>";
		};
/* End PBXVariantGroup section */

/* Begin XCBuildConfiguration section */
		D65547421DCD6BFC004882FA /* Debug */ = {
			isa = XCBuildConfiguration;
			buildSettings = {
				ALWAYS_SEARCH_USER_PATHS = NO;
				CLANG_ANALYZER_NONNULL = YES;
				CLANG_CXX_LANGUAGE_STANDARD = "gnu++0x";
				CLANG_CXX_LIBRARY = "libc++";
				CLANG_ENABLE_MODULES = YES;
				CLANG_ENABLE_OBJC_ARC = YES;
				CLANG_WARN_BOOL_CONVERSION = YES;
				CLANG_WARN_CONSTANT_CONVERSION = YES;
				CLANG_WARN_DIRECT_OBJC_ISA_USAGE = YES_ERROR;
				CLANG_WARN_EMPTY_BODY = YES;
				CLANG_WARN_ENUM_CONVERSION = YES;
				CLANG_WARN_INT_CONVERSION = YES;
				CLANG_WARN_OBJC_ROOT_CLASS = YES_ERROR;
				CLANG_WARN_UNREACHABLE_CODE = YES;
				CLANG_WARN__DUPLICATE_METHOD_MATCH = YES;
				"CODE_SIGN_IDENTITY[sdk=iphoneos*]" = "iPhone Developer";
				COPY_PHASE_STRIP = NO;
				DEBUG_INFORMATION_FORMAT = dwarf;
				ENABLE_STRICT_OBJC_MSGSEND = YES;
				ENABLE_TESTABILITY = YES;
				GCC_C_LANGUAGE_STANDARD = gnu99;
				GCC_DYNAMIC_NO_PIC = NO;
				GCC_NO_COMMON_BLOCKS = YES;
				GCC_OPTIMIZATION_LEVEL = 0;
				GCC_PREPROCESSOR_DEFINITIONS = (
					"DEBUG=1",
					"$(inherited)",
				);
				GCC_WARN_64_TO_32_BIT_CONVERSION = YES;
				GCC_WARN_ABOUT_RETURN_TYPE = YES_ERROR;
				GCC_WARN_UNDECLARED_SELECTOR = YES;
				GCC_WARN_UNINITIALIZED_AUTOS = YES_AGGRESSIVE;
				GCC_WARN_UNUSED_FUNCTION = YES;
				GCC_WARN_UNUSED_VARIABLE = YES;
				IPHONEOS_DEPLOYMENT_TARGET = 9.3;
				MTL_ENABLE_DEBUG_INFO = YES;
				ONLY_ACTIVE_ARCH = YES;
				SDKROOT = iphoneos;
				SWIFT_OPTIMIZATION_LEVEL = "-Onone";
				TARGETED_DEVICE_FAMILY = "1,2";
			};
			name = Debug;
		};
		D65547431DCD6BFC004882FA /* Release */ = {
			isa = XCBuildConfiguration;
			buildSettings = {
				ALWAYS_SEARCH_USER_PATHS = NO;
				CLANG_ANALYZER_NONNULL = YES;
				CLANG_CXX_LANGUAGE_STANDARD = "gnu++0x";
				CLANG_CXX_LIBRARY = "libc++";
				CLANG_ENABLE_MODULES = YES;
				CLANG_ENABLE_OBJC_ARC = YES;
				CLANG_WARN_BOOL_CONVERSION = YES;
				CLANG_WARN_CONSTANT_CONVERSION = YES;
				CLANG_WARN_DIRECT_OBJC_ISA_USAGE = YES_ERROR;
				CLANG_WARN_EMPTY_BODY = YES;
				CLANG_WARN_ENUM_CONVERSION = YES;
				CLANG_WARN_INT_CONVERSION = YES;
				CLANG_WARN_OBJC_ROOT_CLASS = YES_ERROR;
				CLANG_WARN_UNREACHABLE_CODE = YES;
				CLANG_WARN__DUPLICATE_METHOD_MATCH = YES;
				"CODE_SIGN_IDENTITY[sdk=iphoneos*]" = "iPhone Developer";
				COPY_PHASE_STRIP = NO;
				DEBUG_INFORMATION_FORMAT = "dwarf-with-dsym";
				ENABLE_NS_ASSERTIONS = NO;
				ENABLE_STRICT_OBJC_MSGSEND = YES;
				GCC_C_LANGUAGE_STANDARD = gnu99;
				GCC_NO_COMMON_BLOCKS = YES;
				GCC_WARN_64_TO_32_BIT_CONVERSION = YES;
				GCC_WARN_ABOUT_RETURN_TYPE = YES_ERROR;
				GCC_WARN_UNDECLARED_SELECTOR = YES;
				GCC_WARN_UNINITIALIZED_AUTOS = YES_AGGRESSIVE;
				GCC_WARN_UNUSED_FUNCTION = YES;
				GCC_WARN_UNUSED_VARIABLE = YES;
				IPHONEOS_DEPLOYMENT_TARGET = 9.3;
				MTL_ENABLE_DEBUG_INFO = NO;
				SDKROOT = iphoneos;
				TARGETED_DEVICE_FAMILY = "1,2";
				VALIDATE_PRODUCT = YES;
			};
			name = Release;
		};
		D65547451DCD6BFC004882FA /* Debug */ = {
			isa = XCBuildConfiguration;
			buildSettings = {
				ASSETCATALOG_COMPILER_APPICON_NAME = AppIcon;
				INFOPLIST_FILE = "Stress Less/Info.plist";
				LD_RUNPATH_SEARCH_PATHS = "$(inherited) @executable_path/Frameworks";
				PRODUCT_BUNDLE_IDENTIFIER = "com.reikerseiffe.Stress-Less";
				PRODUCT_NAME = "$(TARGET_NAME)";
			};
			name = Debug;
		};
		D65547461DCD6BFC004882FA /* Release */ = {
			isa = XCBuildConfiguration;
			buildSettings = {
				ASSETCATALOG_COMPILER_APPICON_NAME = AppIcon;
				INFOPLIST_FILE = "Stress Less/Info.plist";
				LD_RUNPATH_SEARCH_PATHS = "$(inherited) @executable_path/Frameworks";
				PRODUCT_BUNDLE_IDENTIFIER = "com.reikerseiffe.Stress-Less";
				PRODUCT_NAME = "$(TARGET_NAME)";
			};
			name = Release;
		};
/* End XCBuildConfiguration section */

/* Begin XCConfigurationList section */
		D655472A1DCD6BFC004882FA /* Build configuration list for PBXProject "Stress Less" */ = {
			isa = XCConfigurationList;
			buildConfigurations = (
				D65547421DCD6BFC004882FA /* Debug */,
				D65547431DCD6BFC004882FA /* Release */,
			);
			defaultConfigurationIsVisible = 0;
			defaultConfigurationName = Release;
		};
		D65547441DCD6BFC004882FA /* Build configuration list for PBXNativeTarget "Stress Less" */ = {
			isa = XCConfigurationList;
			buildConfigurations = (
				D65547451DCD6BFC004882FA /* Debug */,
				D65547461DCD6BFC004882FA /* Release */,
			);
			defaultConfigurationIsVisible = 0;
		};
/* End XCConfigurationList section */

/* Begin XCVersionGroup section */
		D65547391DCD6BFC004882FA /* Stress_Less.xcdatamodeld */ = {
			isa = XCVersionGroup;
			children = (
				D655473A1DCD6BFC004882FA /* Stress_Less.xcdatamodel */,
			);
			currentVersion = D655473A1DCD6BFC004882FA /* Stress_Less.xcdatamodel */;
			path = Stress_Less.xcdatamodeld;
			sourceTree = "<group>";
			versionGroupType = wrapper.xcdatamodel;
		};
/* End XCVersionGroup section */
	};
	rootObject = D65547271DCD6BFC004882FA /* Project object */;
}
